
Microsoft Visual Studio Solution File, Format Version 12.00
# Visual Studio Version 17
VisualStudioVersion = 17.5.33530.505
MinimumVisualStudioVersion = 10.0.40219.1
Project("{2150E333-8FDC-42A3-9474-1A3956D46DE8}") = "src", "src", "{1D500DEE-A72B-4218-8E89-6C1A8F3A1FFD}"
EndProject
Project("{9A19103F-16F7-4668-BE54-9A1E7A4F7556}") = "MauiDays", "src\MauiDays\MauiDays.csproj", "{AB41320E-C13A-45A8-BA49-66A1904C8FF9}"
EndProject
Project("{9A19103F-16F7-4668-BE54-9A1E7A4F7556}") = "PinCodes.Authorization", "src\PinCodes.Authorization\PinCodes.Authorization.csproj", "{E619F162-926A-4169-965B-7FFD1BD5F110}"
EndProject
Project("{9A19103F-16F7-4668-BE54-9A1E7A4F7556}") = "Packages.MAUI.App", "Packages.MAUI.App\Packages.MAUI.App.csproj", "{95E8EBF8-3230-4CD2-ABC9-F372F74FFCD6}"
EndProject
Project("{2150E333-8FDC-42A3-9474-1A3956D46DE8}") = "cicd", "cicd", "{E0ADEC3C-1488-4143-B5DF-5B5F98765DCB}"
	ProjectSection(SolutionItems) = preProject
		.gitignore = .gitignore
		.github\workflows\MAUIDays-publish.yml = .github\workflows\MAUIDays-publish.yml
		.github\workflows\PinCodes-publish.yml = .github\workflows\PinCodes-publish.yml
	EndProjectSection
EndProject
Project("{2150E333-8FDC-42A3-9474-1A3956D46DE8}") = "docs", "docs", "{F1F179B6-3F78-40F3-B815-98A58D0C61AD}"
	ProjectSection(SolutionItems) = preProject
		LICENSE.txt = LICENSE.txt
		README.md = README.md
	EndProjectSection
EndProject
Global
	GlobalSection(SolutionConfigurationPlatforms) = preSolution
		Debug|Any CPU = Debug|Any CPU
		Release|Any CPU = Release|Any CPU
	EndGlobalSection
	GlobalSection(ProjectConfigurationPlatforms) = postSolution
		{AB41320E-C13A-45A8-BA49-66A1904C8FF9}.Debug|Any CPU.ActiveCfg = Debug|Any CPU
		{AB41320E-C13A-45A8-BA49-66A1904C8FF9}.Debug|Any CPU.Build.0 = Debug|Any CPU
		{AB41320E-C13A-45A8-BA49-66A1904C8FF9}.Release|Any CPU.ActiveCfg = Release|Any CPU
		{AB41320E-C13A-45A8-BA49-66A1904C8FF9}.Release|Any CPU.Build.0 = Release|Any CPU
		{E619F162-926A-4169-965B-7FFD1BD5F110}.Debug|Any CPU.ActiveCfg = Debug|Any CPU
		{E619F162-926A-4169-965B-7FFD1BD5F110}.Debug|Any CPU.Build.0 = Debug|Any CPU
		{E619F162-926A-4169-965B-7FFD1BD5F110}.Release|Any CPU.ActiveCfg = Release|Any CPU
		{E619F162-926A-4169-965B-7FFD1BD5F110}.Release|Any CPU.Build.0 = Release|Any CPU
		{95E8EBF8-3230-4CD2-ABC9-F372F74FFCD6}.Debug|Any CPU.ActiveCfg = Debug|Any CPU
		{95E8EBF8-3230-4CD2-ABC9-F372F74FFCD6}.Debug|Any CPU.Build.0 = Debug|Any CPU
		{95E8EBF8-3230-4CD2-ABC9-F372F74FFCD6}.Debug|Any CPU.Deploy.0 = Debug|Any CPU
		{95E8EBF8-3230-4CD2-ABC9-F372F74FFCD6}.Release|Any CPU.ActiveCfg = Release|Any CPU
		{95E8EBF8-3230-4CD2-ABC9-F372F74FFCD6}.Release|Any CPU.Build.0 = Release|Any CPU
		{95E8EBF8-3230-4CD2-ABC9-F372F74FFCD6}.Release|Any CPU.Deploy.0 = Release|Any CPU
	EndGlobalSection
	GlobalSection(SolutionProperties) = preSolution
		HideSolutionNode = FALSE
	EndGlobalSection
	GlobalSection(NestedProjects) = preSolution
		{AB41320E-C13A-45A8-BA49-66A1904C8FF9} = {1D500DEE-A72B-4218-8E89-6C1A8F3A1FFD}
		{E619F162-926A-4169-965B-7FFD1BD5F110} = {1D500DEE-A72B-4218-8E89-6C1A8F3A1FFD}
	EndGlobalSection
	GlobalSection(ExtensibilityGlobals) = postSolution
		SolutionGuid = {86AF0710-728B-43EF-883D-5C0979B30D03}
	EndGlobalSection
EndGlobal
